
Microsoft Visual Studio Solution File, Format Version 12.00
# Visual Studio Version 17
VisualStudioVersion = 17.1.32407.343
MinimumVisualStudioVersion = 10.0.40219.1
Project("{2150E333-8FDC-42A3-9474-1A3956D46DE8}") = "Services", "Services", "{E20DFE7A-5A97-4A00-A623-AB432EBF4A59}"
EndProject
Project("{2150E333-8FDC-42A3-9474-1A3956D46DE8}") = "Catalog", "Catalog", "{0A05B764-91B0-4FCD-8FFC-2DFC31A1E0D0}"
EndProject
Project("{9A19103F-16F7-4668-BE54-9A1E7A4F7556}") = "Catalog.API", "src\Services\Catalog\Catalog.API\Catalog.API.csproj", "{EF2B6D8A-DCCA-4305-A6DB-C4C3F837E7AF}"
EndProject
Project("{E53339B2-1760-4266-BCC7-CA923CBCF16C}") = "docker-compose", "docker-compose.dcproj", "{80710CFB-8797-45A0-B6B2-A89700D30C6E}"
EndProject
Project("{2150E333-8FDC-42A3-9474-1A3956D46DE8}") = "Basket", "Basket", "{BD3A43BC-16C9-43C3-AEFA-F530838669F0}"
EndProject
Project("{9A19103F-16F7-4668-BE54-9A1E7A4F7556}") = "Basket.API", "src\Services\Basket\Basket.API\Basket.API.csproj", "{E6BF6690-7762-4B3F-B7DF-D5510FC57669}"
EndProject
Project("{2150E333-8FDC-42A3-9474-1A3956D46DE8}") = "Discount", "Discount", "{1C7244A9-5AC3-41F1-AFA6-3039F554B846}"
EndProject
Project("{9A19103F-16F7-4668-BE54-9A1E7A4F7556}") = "Discount.API", "src\Services\Discount\Discount.Api\Discount.API.csproj", "{2052CB04-AB57-4CA8-81F9-724C8B0B6CCF}"
EndProject
Global
	GlobalSection(SolutionConfigurationPlatforms) = preSolution
		Debug|Any CPU = Debug|Any CPU
		Release|Any CPU = Release|Any CPU
	EndGlobalSection
	GlobalSection(ProjectConfigurationPlatforms) = postSolution
		{EF2B6D8A-DCCA-4305-A6DB-C4C3F837E7AF}.Debug|Any CPU.ActiveCfg = Debug|Any CPU
		{EF2B6D8A-DCCA-4305-A6DB-C4C3F837E7AF}.Debug|Any CPU.Build.0 = Debug|Any CPU
		{EF2B6D8A-DCCA-4305-A6DB-C4C3F837E7AF}.Release|Any CPU.ActiveCfg = Release|Any CPU
		{EF2B6D8A-DCCA-4305-A6DB-C4C3F837E7AF}.Release|Any CPU.Build.0 = Release|Any CPU
		{80710CFB-8797-45A0-B6B2-A89700D30C6E}.Debug|Any CPU.ActiveCfg = Debug|Any CPU
		{80710CFB-8797-45A0-B6B2-A89700D30C6E}.Debug|Any CPU.Build.0 = Debug|Any CPU
		{80710CFB-8797-45A0-B6B2-A89700D30C6E}.Release|Any CPU.ActiveCfg = Release|Any CPU
		{80710CFB-8797-45A0-B6B2-A89700D30C6E}.Release|Any CPU.Build.0 = Release|Any CPU
		{E6BF6690-7762-4B3F-B7DF-D5510FC57669}.Debug|Any CPU.ActiveCfg = Debug|Any CPU
		{E6BF6690-7762-4B3F-B7DF-D5510FC57669}.Debug|Any CPU.Build.0 = Debug|Any CPU
		{E6BF6690-7762-4B3F-B7DF-D5510FC57669}.Release|Any CPU.ActiveCfg = Release|Any CPU
		{E6BF6690-7762-4B3F-B7DF-D5510FC57669}.Release|Any CPU.Build.0 = Release|Any CPU
		{2052CB04-AB57-4CA8-81F9-724C8B0B6CCF}.Debug|Any CPU.ActiveCfg = Debug|Any CPU
		{2052CB04-AB57-4CA8-81F9-724C8B0B6CCF}.Debug|Any CPU.Build.0 = Debug|Any CPU
		{2052CB04-AB57-4CA8-81F9-724C8B0B6CCF}.Release|Any CPU.ActiveCfg = Release|Any CPU
		{2052CB04-AB57-4CA8-81F9-724C8B0B6CCF}.Release|Any CPU.Build.0 = Release|Any CPU
	EndGlobalSection
	GlobalSection(SolutionProperties) = preSolution
		HideSolutionNode = FALSE
	EndGlobalSection
	GlobalSection(NestedProjects) = preSolution
		{0A05B764-91B0-4FCD-8FFC-2DFC31A1E0D0} = {E20DFE7A-5A97-4A00-A623-AB432EBF4A59}
		{EF2B6D8A-DCCA-4305-A6DB-C4C3F837E7AF} = {0A05B764-91B0-4FCD-8FFC-2DFC31A1E0D0}
		{BD3A43BC-16C9-43C3-AEFA-F530838669F0} = {E20DFE7A-5A97-4A00-A623-AB432EBF4A59}
		{E6BF6690-7762-4B3F-B7DF-D5510FC57669} = {BD3A43BC-16C9-43C3-AEFA-F530838669F0}
		{1C7244A9-5AC3-41F1-AFA6-3039F554B846} = {E20DFE7A-5A97-4A00-A623-AB432EBF4A59}
		{2052CB04-AB57-4CA8-81F9-724C8B0B6CCF} = {1C7244A9-5AC3-41F1-AFA6-3039F554B846}
	EndGlobalSection
	GlobalSection(ExtensibilityGlobals) = postSolution
		SolutionGuid = {BB6D41AA-3427-4239-BF2D-27725051074D}
	EndGlobalSection
EndGlobal
